
Microsoft Visual Studio Solution File, Format Version 12.00
# Visual Studio Version 16
VisualStudioVersion = 16.0.31515.178
MinimumVisualStudioVersion = 10.0.40219.1
Project("{FAE04EC0-301F-11D3-BF4B-00C04F79EFBC}") = "BH.Api", "Api\BH.Api.csproj", "{A23F93A2-F26E-4D75-8FCD-64D3E72E12ED}"
EndProject
Global
	GlobalSection(SolutionConfigurationPlatforms) = preSolution
		Debug|Any CPU = Debug|Any CPU
		Release|Any CPU = Release|Any CPU
	EndGlobalSection
	GlobalSection(ProjectConfigurationPlatforms) = postSolution
		{A23F93A2-F26E-4D75-8FCD-64D3E72E12ED}.Debug|Any CPU.ActiveCfg = Debug|Any CPU
		{A23F93A2-F26E-4D75-8FCD-64D3E72E12ED}.Debug|Any CPU.Build.0 = Debug|Any CPU
		{A23F93A2-F26E-4D75-8FCD-64D3E72E12ED}.Release|Any CPU.ActiveCfg = Release|Any CPU
		{A23F93A2-F26E-4D75-8FCD-64D3E72E12ED}.Release|Any CPU.Build.0 = Release|Any CPU
	EndGlobalSection
	GlobalSection(SolutionProperties) = preSolution
		HideSolutionNode = FALSE
	EndGlobalSection
	GlobalSection(ExtensibilityGlobals) = postSolution
		SolutionGuid = {FDEA5661-65A5-4750-9DA1-886CB6A81B69}
	EndGlobalSection
EndGlobal
